// !$*UTF8*$!
{
	archiveVersion = 1;
	classes = {
	};
	objectVersion = 56;
	objects = {

/* Begin PBXBuildFile section */
		3D28A59D29D4670100B765A3 /* MainVC.swift in Sources */ = {isa = PBXBuildFile; fileRef = 3D28A59B29D4670100B765A3 /* MainVC.swift */; };
		3D28A59E29D4670100B765A3 /* MainVC.xib in Resources */ = {isa = PBXBuildFile; fileRef = 3D28A59C29D4670100B765A3 /* MainVC.xib */; };
		3D5770F129D4A4F40053C1BC /* UniverCollectionViewCell.swift in Sources */ = {isa = PBXBuildFile; fileRef = 3D5770EF29D4A4F40053C1BC /* UniverCollectionViewCell.swift */; };
		3D5770F229D4A4F40053C1BC /* UniverCollectionViewCell.xib in Resources */ = {isa = PBXBuildFile; fileRef = 3D5770F029D4A4F40053C1BC /* UniverCollectionViewCell.xib */; };
		3D5770F529D4BCC60053C1BC /* UniverTableCell.swift in Sources */ = {isa = PBXBuildFile; fileRef = 3D5770F329D4BCC60053C1BC /* UniverTableCell.swift */; };
		3D5770F629D4BCC60053C1BC /* UniverTableCell.xib in Resources */ = {isa = PBXBuildFile; fileRef = 3D5770F429D4BCC60053C1BC /* UniverTableCell.xib */; };
		3DA0840929D57E10000C198D /* SideMenuCell.swift in Sources */ = {isa = PBXBuildFile; fileRef = 3DA0840729D57E10000C198D /* SideMenuCell.swift */; };
		3DA0840A29D57E10000C198D /* SideMenuCell.xib in Resources */ = {isa = PBXBuildFile; fileRef = 3DA0840829D57E10000C198D /* SideMenuCell.xib */; };
		3DA0840C29D582DD000C198D /* MenuData.swift in Sources */ = {isa = PBXBuildFile; fileRef = 3DA0840B29D582DD000C198D /* MenuData.swift */; };
		3DA0841329D5A967000C198D /* FiltrVC.swift in Sources */ = {isa = PBXBuildFile; fileRef = 3DA0841129D5A967000C198D /* FiltrVC.swift */; };
		3DA0841429D5A967000C198D /* FiltrVC.xib in Resources */ = {isa = PBXBuildFile; fileRef = 3DA0841229D5A967000C198D /* FiltrVC.xib */; };
		3DD9A81729D33EE0007848B6 /* AppDelegate.swift in Sources */ = {isa = PBXBuildFile; fileRef = 3DD9A81629D33EE0007848B6 /* AppDelegate.swift */; };
		3DD9A82029D33EE1007848B6 /* Assets.xcassets in Resources */ = {isa = PBXBuildFile; fileRef = 3DD9A81F29D33EE1007848B6 /* Assets.xcassets */; };
		3DD9A82329D33EE1007848B6 /* LaunchScreen.storyboard in Resources */ = {isa = PBXBuildFile; fileRef = 3DD9A82129D33EE1007848B6 /* LaunchScreen.storyboard */; };
		3DD9A83029D33FF5007848B6 /* LanguageVC.swift in Sources */ = {isa = PBXBuildFile; fileRef = 3DD9A82E29D33FF5007848B6 /* LanguageVC.swift */; };
		3DD9A83129D33FF5007848B6 /* LanguageVC.xib in Resources */ = {isa = PBXBuildFile; fileRef = 3DD9A82F29D33FF5007848B6 /* LanguageVC.xib */; };
		3DD9A83429D3401E007848B6 /* WelcomVC.swift in Sources */ = {isa = PBXBuildFile; fileRef = 3DD9A83229D3401E007848B6 /* WelcomVC.swift */; };
		3DD9A83529D3401E007848B6 /* WelcomVC.xib in Resources */ = {isa = PBXBuildFile; fileRef = 3DD9A83329D3401E007848B6 /* WelcomVC.xib */; };
		3DD9A83829D34039007848B6 /* SignInVC.swift in Sources */ = {isa = PBXBuildFile; fileRef = 3DD9A83629D34039007848B6 /* SignInVC.swift */; };
		3DD9A83929D34039007848B6 /* LoginVC.xib in Resources */ = {isa = PBXBuildFile; fileRef = 3DD9A83729D34039007848B6 /* LoginVC.xib */; };
		3DD9A83C29D340EF007848B6 /* LogInVC.swift in Sources */ = {isa = PBXBuildFile; fileRef = 3DD9A83A29D340EF007848B6 /* LogInVC.swift */; };
		3DD9A83D29D340EF007848B6 /* SignIn.xib in Resources */ = {isa = PBXBuildFile; fileRef = 3DD9A83B29D340EF007848B6 /* SignIn.xib */; };
/* End PBXBuildFile section */

/* Begin PBXFileReference section */
		3D28A59B29D4670100B765A3 /* MainVC.swift */ = {isa = PBXFileReference; lastKnownFileType = sourcecode.swift; path = MainVC.swift; sourceTree = "<group>"; };
		3D28A59C29D4670100B765A3 /* MainVC.xib */ = {isa = PBXFileReference; lastKnownFileType = file.xib; path = MainVC.xib; sourceTree = "<group>"; };
		3D5770EF29D4A4F40053C1BC /* UniverCollectionViewCell.swift */ = {isa = PBXFileReference; lastKnownFileType = sourcecode.swift; path = UniverCollectionViewCell.swift; sourceTree = "<group>"; };
		3D5770F029D4A4F40053C1BC /* UniverCollectionViewCell.xib */ = {isa = PBXFileReference; lastKnownFileType = file.xib; path = UniverCollectionViewCell.xib; sourceTree = "<group>"; };
		3D5770F329D4BCC60053C1BC /* UniverTableCell.swift */ = {isa = PBXFileReference; lastKnownFileType = sourcecode.swift; path = UniverTableCell.swift; sourceTree = "<group>"; };
		3D5770F429D4BCC60053C1BC /* UniverTableCell.xib */ = {isa = PBXFileReference; lastKnownFileType = file.xib; path = UniverTableCell.xib; sourceTree = "<group>"; };
		3DA0840729D57E10000C198D /* SideMenuCell.swift */ = {isa = PBXFileReference; lastKnownFileType = sourcecode.swift; path = SideMenuCell.swift; sourceTree = "<group>"; };
		3DA0840829D57E10000C198D /* SideMenuCell.xib */ = {isa = PBXFileReference; lastKnownFileType = file.xib; path = SideMenuCell.xib; sourceTree = "<group>"; };
		3DA0840B29D582DD000C198D /* MenuData.swift */ = {isa = PBXFileReference; lastKnownFileType = sourcecode.swift; path = MenuData.swift; sourceTree = "<group>"; };
		3DA0841129D5A967000C198D /* FiltrVC.swift */ = {isa = PBXFileReference; lastKnownFileType = sourcecode.swift; path = FiltrVC.swift; sourceTree = "<group>"; };
		3DA0841229D5A967000C198D /* FiltrVC.xib */ = {isa = PBXFileReference; lastKnownFileType = file.xib; path = FiltrVC.xib; sourceTree = "<group>"; };
		3DD9A81329D33EE0007848B6 /* World.uz.app */ = {isa = PBXFileReference; explicitFileType = wrapper.application; includeInIndex = 0; path = World.uz.app; sourceTree = BUILT_PRODUCTS_DIR; };
		3DD9A81629D33EE0007848B6 /* AppDelegate.swift */ = {isa = PBXFileReference; lastKnownFileType = sourcecode.swift; path = AppDelegate.swift; sourceTree = "<group>"; };
		3DD9A81F29D33EE1007848B6 /* Assets.xcassets */ = {isa = PBXFileReference; lastKnownFileType = folder.assetcatalog; path = Assets.xcassets; sourceTree = "<group>"; };
		3DD9A82229D33EE1007848B6 /* Base */ = {isa = PBXFileReference; lastKnownFileType = file.storyboard; name = Base; path = Base.lproj/LaunchScreen.storyboard; sourceTree = "<group>"; };
		3DD9A82429D33EE1007848B6 /* Info.plist */ = {isa = PBXFileReference; lastKnownFileType = text.plist.xml; path = Info.plist; sourceTree = "<group>"; };
		3DD9A82E29D33FF5007848B6 /* LanguageVC.swift */ = {isa = PBXFileReference; lastKnownFileType = sourcecode.swift; path = LanguageVC.swift; sourceTree = "<group>"; };
		3DD9A82F29D33FF5007848B6 /* LanguageVC.xib */ = {isa = PBXFileReference; lastKnownFileType = file.xib; path = LanguageVC.xib; sourceTree = "<group>"; };
		3DD9A83229D3401E007848B6 /* WelcomVC.swift */ = {isa = PBXFileReference; lastKnownFileType = sourcecode.swift; path = WelcomVC.swift; sourceTree = "<group>"; };
		3DD9A83329D3401E007848B6 /* WelcomVC.xib */ = {isa = PBXFileReference; lastKnownFileType = file.xib; path = WelcomVC.xib; sourceTree = "<group>"; };
		3DD9A83629D34039007848B6 /* SignInVC.swift */ = {isa = PBXFileReference; lastKnownFileType = sourcecode.swift; path = SignInVC.swift; sourceTree = "<group>"; };
		3DD9A83729D34039007848B6 /* LoginVC.xib */ = {isa = PBXFileReference; lastKnownFileType = file.xib; path = LoginVC.xib; sourceTree = "<group>"; };
		3DD9A83A29D340EF007848B6 /* LogInVC.swift */ = {isa = PBXFileReference; lastKnownFileType = sourcecode.swift; path = LogInVC.swift; sourceTree = "<group>"; };
		3DD9A83B29D340EF007848B6 /* SignIn.xib */ = {isa = PBXFileReference; lastKnownFileType = file.xib; path = SignIn.xib; sourceTree = "<group>"; };
/* End PBXFileReference section */

/* Begin PBXFrameworksBuildPhase section */
		3DD9A81029D33EE0007848B6 /* Frameworks */ = {
			isa = PBXFrameworksBuildPhase;
			buildActionMask = 2147483647;
			files = (
			);
			runOnlyForDeploymentPostprocessing = 0;
		};
/* End PBXFrameworksBuildPhase section */

/* Begin PBXGroup section */
		3DD9A80A29D33EE0007848B6 = {
			isa = PBXGroup;
			children = (
				3DD9A81529D33EE0007848B6 /* World.uz */,
				3DD9A81429D33EE0007848B6 /* Products */,
			);
			sourceTree = "<group>";
		};
		3DD9A81429D33EE0007848B6 /* Products */ = {
			isa = PBXGroup;
			children = (
				3DD9A81329D33EE0007848B6 /* World.uz.app */,
			);
			name = Products;
			sourceTree = "<group>";
		};
		3DD9A81529D33EE0007848B6 /* World.uz */ = {
			isa = PBXGroup;
			children = (
				3DD9A82429D33EE1007848B6 /* Info.plist */,
				3DD9A82A29D33F19007848B6 /* Helpers */,
				3DD9A82B29D33F63007848B6 /* Model */,
				3DD9A82C29D33F6D007848B6 /* Views */,
				3DD9A82D29D33F75007848B6 /* Controllers */,
			);
			path = World.uz;
			sourceTree = "<group>";
		};
		3DD9A82A29D33F19007848B6 /* Helpers */ = {
			isa = PBXGroup;
			children = (
				3DD9A81629D33EE0007848B6 /* AppDelegate.swift */,
				3DD9A82129D33EE1007848B6 /* LaunchScreen.storyboard */,
				3DD9A81F29D33EE1007848B6 /* Assets.xcassets */,
			);
			path = Helpers;
			sourceTree = "<group>";
		};
		3DD9A82B29D33F63007848B6 /* Model */ = {
			isa = PBXGroup;
			children = (
				3DA0840B29D582DD000C198D /* MenuData.swift */,
			);
			path = Model;
			sourceTree = "<group>";
		};
		3DD9A82C29D33F6D007848B6 /* Views */ = {
			isa = PBXGroup;
			children = (
				3DD9A82F29D33FF5007848B6 /* LanguageVC.xib */,
				3DD9A83329D3401E007848B6 /* WelcomVC.xib */,
				3DD9A83B29D340EF007848B6 /* SignIn.xib */,
				3DD9A83729D34039007848B6 /* LoginVC.xib */,
				3D28A59C29D4670100B765A3 /* MainVC.xib */,
				3D5770F029D4A4F40053C1BC /* UniverCollectionViewCell.xib */,
				3D5770F429D4BCC60053C1BC /* UniverTableCell.xib */,
				3DA0840829D57E10000C198D /* SideMenuCell.xib */,
				3DA0841229D5A967000C198D /* FiltrVC.xib */,
			);
			path = Views;
			sourceTree = "<group>";
		};
		3DD9A82D29D33F75007848B6 /* Controllers */ = {
			isa = PBXGroup;
			children = (
				3DD9A82E29D33FF5007848B6 /* LanguageVC.swift */,
				3DD9A83229D3401E007848B6 /* WelcomVC.swift */,
				3DD9A83A29D340EF007848B6 /* LogInVC.swift */,
				3D28A59B29D4670100B765A3 /* MainVC.swift */,
				3DA0841129D5A967000C198D /* FiltrVC.swift */,
				3DD9A83629D34039007848B6 /* SignInVC.swift */,
				3D5770EF29D4A4F40053C1BC /* UniverCollectionViewCell.swift */,
				3D5770F329D4BCC60053C1BC /* UniverTableCell.swift */,
				3DA0840729D57E10000C198D /* SideMenuCell.swift */,
			);
			path = Controllers;
			sourceTree = "<group>";
		};
/* End PBXGroup section */

/* Begin PBXNativeTarget section */
		3DD9A81229D33EE0007848B6 /* World.uz */ = {
			isa = PBXNativeTarget;
			buildConfigurationList = 3DD9A82729D33EE1007848B6 /* Build configuration list for PBXNativeTarget "World.uz" */;
			buildPhases = (
				3DD9A80F29D33EE0007848B6 /* Sources */,
				3DD9A81029D33EE0007848B6 /* Frameworks */,
				3DD9A81129D33EE0007848B6 /* Resources */,
			);
			buildRules = (
			);
			dependencies = (
			);
			name = World.uz;
			productName = World.uz;
			productReference = 3DD9A81329D33EE0007848B6 /* World.uz.app */;
			productType = "com.apple.product-type.application";
		};
/* End PBXNativeTarget section */

/* Begin PBXProject section */
		3DD9A80B29D33EE0007848B6 /* Project object */ = {
			isa = PBXProject;
			attributes = {
				BuildIndependentTargetsInParallel = 1;
				LastSwiftUpdateCheck = 1420;
				LastUpgradeCheck = 1420;
				TargetAttributes = {
					3DD9A81229D33EE0007848B6 = {
						CreatedOnToolsVersion = 14.2;
					};
				};
			};
			buildConfigurationList = 3DD9A80E29D33EE0007848B6 /* Build configuration list for PBXProject "World.uz" */;
			compatibilityVersion = "Xcode 14.0";
			developmentRegion = en;
			hasScannedForEncodings = 0;
			knownRegions = (
				en,
				Base,
			);
			mainGroup = 3DD9A80A29D33EE0007848B6;
			productRefGroup = 3DD9A81429D33EE0007848B6 /* Products */;
			projectDirPath = "";
			projectRoot = "";
			targets = (
				3DD9A81229D33EE0007848B6 /* World.uz */,
			);
		};
/* End PBXProject section */

/* Begin PBXResourcesBuildPhase section */
		3DD9A81129D33EE0007848B6 /* Resources */ = {
			isa = PBXResourcesBuildPhase;
			buildActionMask = 2147483647;
			files = (
				3DD9A83929D34039007848B6 /* LoginVC.xib in Resources */,
				3DD9A83129D33FF5007848B6 /* LanguageVC.xib in Resources */,
				3D5770F629D4BCC60053C1BC /* UniverTableCell.xib in Resources */,
				3DA0840A29D57E10000C198D /* SideMenuCell.xib in Resources */,
				3DD9A83529D3401E007848B6 /* WelcomVC.xib in Resources */,
				3DD9A83D29D340EF007848B6 /* SignIn.xib in Resources */,
				3DA0841429D5A967000C198D /* FiltrVC.xib in Resources */,
				3DD9A82329D33EE1007848B6 /* LaunchScreen.storyboard in Resources */,
				3D5770F229D4A4F40053C1BC /* UniverCollectionViewCell.xib in Resources */,
				3D28A59E29D4670100B765A3 /* MainVC.xib in Resources */,
				3DD9A82029D33EE1007848B6 /* Assets.xcassets in Resources */,
			);
			runOnlyForDeploymentPostprocessing = 0;
		};
/* End PBXResourcesBuildPhase section */

/* Begin PBXSourcesBuildPhase section */
		3DD9A80F29D33EE0007848B6 /* Sources */ = {
			isa = PBXSourcesBuildPhase;
			buildActionMask = 2147483647;
			files = (
				3DD9A83029D33FF5007848B6 /* LanguageVC.swift in Sources */,
				3D5770F529D4BCC60053C1BC /* UniverTableCell.swift in Sources */,
				3DA0840C29D582DD000C198D /* MenuData.swift in Sources */,
				3D28A59D29D4670100B765A3 /* MainVC.swift in Sources */,
				3DD9A83429D3401E007848B6 /* WelcomVC.swift in Sources */,
				3D5770F129D4A4F40053C1BC /* UniverCollectionViewCell.swift in Sources */,
				3DA0840929D57E10000C198D /* SideMenuCell.swift in Sources */,
				3DA0841329D5A967000C198D /* FiltrVC.swift in Sources */,
				3DD9A83C29D340EF007848B6 /* LogInVC.swift in Sources */,
				3DD9A83829D34039007848B6 /* SignInVC.swift in Sources */,
				3DD9A81729D33EE0007848B6 /* AppDelegate.swift in Sources */,
			);
			runOnlyForDeploymentPostprocessing = 0;
		};
/* End PBXSourcesBuildPhase section */

/* Begin PBXVariantGroup section */
		3DD9A82129D33EE1007848B6 /* LaunchScreen.storyboard */ = {
			isa = PBXVariantGroup;
			children = (
				3DD9A82229D33EE1007848B6 /* Base */,
			);
			name = LaunchScreen.storyboard;
			sourceTree = "<group>";
		};
/* End PBXVariantGroup section */

/* Begin XCBuildConfiguration section */
		3DD9A82529D33EE1007848B6 /* Debug */ = {
			isa = XCBuildConfiguration;
			buildSettings = {
				ALWAYS_SEARCH_USER_PATHS = NO;
				CLANG_ANALYZER_NONNULL = YES;
				CLANG_ANALYZER_NUMBER_OBJECT_CONVERSION = YES_AGGRESSIVE;
				CLANG_CXX_LANGUAGE_STANDARD = "gnu++20";
				CLANG_ENABLE_MODULES = YES;
				CLANG_ENABLE_OBJC_ARC = YES;
				CLANG_ENABLE_OBJC_WEAK = YES;
				CLANG_WARN_BLOCK_CAPTURE_AUTORELEASING = YES;
				CLANG_WARN_BOOL_CONVERSION = YES;
				CLANG_WARN_COMMA = YES;
				CLANG_WARN_CONSTANT_CONVERSION = YES;
				CLANG_WARN_DEPRECATED_OBJC_IMPLEMENTATIONS = YES;
				CLANG_WARN_DIRECT_OBJC_ISA_USAGE = YES_ERROR;
				CLANG_WARN_DOCUMENTATION_COMMENTS = YES;
				CLANG_WARN_EMPTY_BODY = YES;
				CLANG_WARN_ENUM_CONVERSION = YES;
				CLANG_WARN_INFINITE_RECURSION = YES;
				CLANG_WARN_INT_CONVERSION = YES;
				CLANG_WARN_NON_LITERAL_NULL_CONVERSION = YES;
				CLANG_WARN_OBJC_IMPLICIT_RETAIN_SELF = YES;
				CLANG_WARN_OBJC_LITERAL_CONVERSION = YES;
				CLANG_WARN_OBJC_ROOT_CLASS = YES_ERROR;
				CLANG_WARN_QUOTED_INCLUDE_IN_FRAMEWORK_HEADER = YES;
				CLANG_WARN_RANGE_LOOP_ANALYSIS = YES;
				CLANG_WARN_STRICT_PROTOTYPES = YES;
				CLANG_WARN_SUSPICIOUS_MOVE = YES;
				CLANG_WARN_UNGUARDED_AVAILABILITY = YES_AGGRESSIVE;
				CLANG_WARN_UNREACHABLE_CODE = YES;
				CLANG_WARN__DUPLICATE_METHOD_MATCH = YES;
				COPY_PHASE_STRIP = NO;
				DEBUG_INFORMATION_FORMAT = dwarf;
				ENABLE_STRICT_OBJC_MSGSEND = YES;
				ENABLE_TESTABILITY = YES;
				GCC_C_LANGUAGE_STANDARD = gnu11;
				GCC_DYNAMIC_NO_PIC = NO;
				GCC_NO_COMMON_BLOCKS = YES;
				GCC_OPTIMIZATION_LEVEL = 0;
				GCC_PREPROCESSOR_DEFINITIONS = (
					"DEBUG=1",
					"$(inherited)",
				);
				GCC_WARN_64_TO_32_BIT_CONVERSION = YES;
				GCC_WARN_ABOUT_RETURN_TYPE = YES_ERROR;
				GCC_WARN_UNDECLARED_SELECTOR = YES;
				GCC_WARN_UNINITIALIZED_AUTOS = YES_AGGRESSIVE;
				GCC_WARN_UNUSED_FUNCTION = YES;
				GCC_WARN_UNUSED_VARIABLE = YES;
				IPHONEOS_DEPLOYMENT_TARGET = 16.2;
				MTL_ENABLE_DEBUG_INFO = INCLUDE_SOURCE;
				MTL_FAST_MATH = YES;
				ONLY_ACTIVE_ARCH = YES;
				SDKROOT = iphoneos;
				SWIFT_ACTIVE_COMPILATION_CONDITIONS = DEBUG;
				SWIFT_OPTIMIZATION_LEVEL = "-Onone";
			};
			name = Debug;
		};
		3DD9A82629D33EE1007848B6 /* Release */ = {
			isa = XCBuildConfiguration;
			buildSettings = {
				ALWAYS_SEARCH_USER_PATHS = NO;
				CLANG_ANALYZER_NONNULL = YES;
				CLANG_ANALYZER_NUMBER_OBJECT_CONVERSION = YES_AGGRESSIVE;
				CLANG_CXX_LANGUAGE_STANDARD = "gnu++20";
				CLANG_ENABLE_MODULES = YES;
				CLANG_ENABLE_OBJC_ARC = YES;
				CLANG_ENABLE_OBJC_WEAK = YES;
				CLANG_WARN_BLOCK_CAPTURE_AUTORELEASING = YES;
				CLANG_WARN_BOOL_CONVERSION = YES;
				CLANG_WARN_COMMA = YES;
				CLANG_WARN_CONSTANT_CONVERSION = YES;
				CLANG_WARN_DEPRECATED_OBJC_IMPLEMENTATIONS = YES;
				CLANG_WARN_DIRECT_OBJC_ISA_USAGE = YES_ERROR;
				CLANG_WARN_DOCUMENTATION_COMMENTS = YES;
				CLANG_WARN_EMPTY_BODY = YES;
				CLANG_WARN_ENUM_CONVERSION = YES;
				CLANG_WARN_INFINITE_RECURSION = YES;
				CLANG_WARN_INT_CONVERSION = YES;
				CLANG_WARN_NON_LITERAL_NULL_CONVERSION = YES;
				CLANG_WARN_OBJC_IMPLICIT_RETAIN_SELF = YES;
				CLANG_WARN_OBJC_LITERAL_CONVERSION = YES;
				CLANG_WARN_OBJC_ROOT_CLASS = YES_ERROR;
				CLANG_WARN_QUOTED_INCLUDE_IN_FRAMEWORK_HEADER = YES;
				CLANG_WARN_RANGE_LOOP_ANALYSIS = YES;
				CLANG_WARN_STRICT_PROTOTYPES = YES;
				CLANG_WARN_SUSPICIOUS_MOVE = YES;
				CLANG_WARN_UNGUARDED_AVAILABILITY = YES_AGGRESSIVE;
				CLANG_WARN_UNREACHABLE_CODE = YES;
				CLANG_WARN__DUPLICATE_METHOD_MATCH = YES;
				COPY_PHASE_STRIP = NO;
				DEBUG_INFORMATION_FORMAT = "dwarf-with-dsym";
				ENABLE_NS_ASSERTIONS = NO;
				ENABLE_STRICT_OBJC_MSGSEND = YES;
				GCC_C_LANGUAGE_STANDARD = gnu11;
				GCC_NO_COMMON_BLOCKS = YES;
				GCC_WARN_64_TO_32_BIT_CONVERSION = YES;
				GCC_WARN_ABOUT_RETURN_TYPE = YES_ERROR;
				GCC_WARN_UNDECLARED_SELECTOR = YES;
				GCC_WARN_UNINITIALIZED_AUTOS = YES_AGGRESSIVE;
				GCC_WARN_UNUSED_FUNCTION = YES;
				GCC_WARN_UNUSED_VARIABLE = YES;
				IPHONEOS_DEPLOYMENT_TARGET = 16.2;
				MTL_ENABLE_DEBUG_INFO = NO;
				MTL_FAST_MATH = YES;
				SDKROOT = iphoneos;
				SWIFT_COMPILATION_MODE = wholemodule;
				SWIFT_OPTIMIZATION_LEVEL = "-O";
				VALIDATE_PRODUCT = YES;
			};
			name = Release;
		};
		3DD9A82829D33EE1007848B6 /* Debug */ = {
			isa = XCBuildConfiguration;
			buildSettings = {
				ASSETCATALOG_COMPILER_APPICON_NAME = AppIcon;
				ASSETCATALOG_COMPILER_GLOBAL_ACCENT_COLOR_NAME = AccentColor;
				CODE_SIGN_STYLE = Automatic;
				CURRENT_PROJECT_VERSION = 1;
				DEVELOPMENT_TEAM = 7W6F238426;
				GENERATE_INFOPLIST_FILE = YES;
				INFOPLIST_FILE = World.uz/Info.plist;
				INFOPLIST_KEY_UIApplicationSupportsIndirectInputEvents = YES;
				INFOPLIST_KEY_UILaunchStoryboardName = LaunchScreen;
				INFOPLIST_KEY_UISupportedInterfaceOrientations_iPad = "UIInterfaceOrientationPortrait UIInterfaceOrientationPortraitUpsideDown UIInterfaceOrientationLandscapeLeft UIInterfaceOrientationLandscapeRight";
				INFOPLIST_KEY_UISupportedInterfaceOrientations_iPhone = "UIInterfaceOrientationPortrait UIInterfaceOrientationLandscapeLeft UIInterfaceOrientationLandscapeRight";
				LD_RUNPATH_SEARCH_PATHS = (
					"$(inherited)",
					"@executable_path/Frameworks",
				);
				MARKETING_VERSION = 1.0;
				PRODUCT_BUNDLE_IDENTIFIER = "myCompany.World-uz";
				PRODUCT_NAME = "$(TARGET_NAME)";
				SWIFT_EMIT_LOC_STRINGS = YES;
				SWIFT_VERSION = 5.0;
				TARGETED_DEVICE_FAMILY = "1,2";
			};
			name = Debug;
		};
		3DD9A82929D33EE1007848B6 /* Release */ = {
			isa = XCBuildConfiguration;
			buildSettings = {
				ASSETCATALOG_COMPILER_APPICON_NAME = AppIcon;
				ASSETCATALOG_COMPILER_GLOBAL_ACCENT_COLOR_NAME = AccentColor;
				CODE_SIGN_STYLE = Automatic;
				CURRENT_PROJECT_VERSION = 1;
				DEVELOPMENT_TEAM = 7W6F238426;
				GENERATE_INFOPLIST_FILE = YES;
				INFOPLIST_FILE = World.uz/Info.plist;
				INFOPLIST_KEY_UIApplicationSupportsIndirectInputEvents = YES;
				INFOPLIST_KEY_UILaunchStoryboardName = LaunchScreen;
				INFOPLIST_KEY_UISupportedInterfaceOrientations_iPad = "UIInterfaceOrientationPortrait UIInterfaceOrientationPortraitUpsideDown UIInterfaceOrientationLandscapeLeft UIInterfaceOrientationLandscapeRight";
				INFOPLIST_KEY_UISupportedInterfaceOrientations_iPhone = "UIInterfaceOrientationPortrait UIInterfaceOrientationLandscapeLeft UIInterfaceOrientationLandscapeRight";
				LD_RUNPATH_SEARCH_PATHS = (
					"$(inherited)",
					"@executable_path/Frameworks",
				);
				MARKETING_VERSION = 1.0;
				PRODUCT_BUNDLE_IDENTIFIER = "myCompany.World-uz";
				PRODUCT_NAME = "$(TARGET_NAME)";
				SWIFT_EMIT_LOC_STRINGS = YES;
				SWIFT_VERSION = 5.0;
				TARGETED_DEVICE_FAMILY = "1,2";
			};
			name = Release;
		};
/* End XCBuildConfiguration section */

/* Begin XCConfigurationList section */
		3DD9A80E29D33EE0007848B6 /* Build configuration list for PBXProject "World.uz" */ = {
			isa = XCConfigurationList;
			buildConfigurations = (
				3DD9A82529D33EE1007848B6 /* Debug */,
				3DD9A82629D33EE1007848B6 /* Release */,
			);
			defaultConfigurationIsVisible = 0;
			defaultConfigurationName = Release;
		};
		3DD9A82729D33EE1007848B6 /* Build configuration list for PBXNativeTarget "World.uz" */ = {
			isa = XCConfigurationList;
			buildConfigurations = (
				3DD9A82829D33EE1007848B6 /* Debug */,
				3DD9A82929D33EE1007848B6 /* Release */,
			);
			defaultConfigurationIsVisible = 0;
			defaultConfigurationName = Release;
		};
/* End XCConfigurationList section */
	};
	rootObject = 3DD9A80B29D33EE0007848B6 /* Project object */;
}
